
Microsoft Visual Studio Solution File, Format Version 12.00
# Visual Studio Version 17
VisualStudioVersion = 17.14.36511.14 d17.14
MinimumVisualStudioVersion = 10.0.40219.1
Project("{FAE04EC0-301F-11D3-BF4B-00C04F79EFBC}") = "WebApplication1", "WebApplication1\WebApplication1.csproj", "{C0738213-A1FB-4BD6-B9D0-198358E391D1}"
EndProject
Project("{FAE04EC0-301F-11D3-BF4B-00C04F79EFBC}") = "ConsoleApp1", "ConsoleApp1\ConsoleApp1.csproj", "{B1A96D12-C7C0-4A97-AB6A-CDD7A5B7F8F0}"
EndProject
Global
	GlobalSection(SolutionConfigurationPlatforms) = preSolution
		Debug|Any CPU = Debug|Any CPU
		Release|Any CPU = Release|Any CPU
	EndGlobalSection
	GlobalSection(ProjectConfigurationPlatforms) = postSolution
		{C0738213-A1FB-4BD6-B9D0-198358E391D1}.Debug|Any CPU.ActiveCfg = Debug|Any CPU
		{C0738213-A1FB-4BD6-B9D0-198358E391D1}.Debug|Any CPU.Build.0 = Debug|Any CPU
		{C0738213-A1FB-4BD6-B9D0-198358E391D1}.Release|Any CPU.ActiveCfg = Release|Any CPU
		{C0738213-A1FB-4BD6-B9D0-198358E391D1}.Release|Any CPU.Build.0 = Release|Any CPU
		{B1A96D12-C7C0-4A97-AB6A-CDD7A5B7F8F0}.Debug|Any CPU.ActiveCfg = Debug|Any CPU
		{B1A96D12-C7C0-4A97-AB6A-CDD7A5B7F8F0}.Debug|Any CPU.Build.0 = Debug|Any CPU
		{B1A96D12-C7C0-4A97-AB6A-CDD7A5B7F8F0}.Release|Any CPU.ActiveCfg = Release|Any CPU
		{B1A96D12-C7C0-4A97-AB6A-CDD7A5B7F8F0}.Release|Any CPU.Build.0 = Release|Any CPU
	EndGlobalSection
	GlobalSection(SolutionProperties) = preSolution
		HideSolutionNode = FALSE
	EndGlobalSection
	GlobalSection(ExtensibilityGlobals) = postSolution
		SolutionGuid = {AD60FE7E-99FD-4A84-A25C-65A9C40D5D94}
	EndGlobalSection
EndGlobal
